github.com/gofrs/flock v0.8.0 h1:MSdYClljsF3PbENUUEx85nkWfJSGfzYI9yEBZOJz6CY=
github.com/gofrs/flock v0.8.0/go.mod h1:F1TvTiK9OcQqauNUHlbJvyl9Qa1QvF/gOUDKA14jxHU=
golang.org/x/sys v0.0.0-20200916084744-dbad9cb7cb7a h1:chkwkn8HYWVtTE5DCQNKYlkyptadXYY0+PuyaVdyMo4=
golang.org/x/sys v0.0.0-20200916084744-dbad9cb7cb7a/go.mod h1:h1NjWce9XRLGQEsW7wpKNCjG9DtNlClVuFLEZdDNbEs=
